// !$*UTF8*$!
{
	archiveVersion = 1;
	classes = {
	};
	objectVersion = 63;
	objects = {

/* Begin PBXBuildFile section */
		9C0B5B5226304DD100E2BF15 /* Texts.swift in Sources */ = {isa = PBXBuildFile; fileRef = 9C0B5B5126304DD100E2BF15 /* Texts.swift */; };
		9C0B5B562630505C00E2BF15 /* Images.swift in Sources */ = {isa = PBXBuildFile; fileRef = 9C0B5B552630505B00E2BF15 /* Images.swift */; };
		9C1A2B9E23EEFB55007137BE /* ViewManager.swift in Sources */ = {isa = PBXBuildFile; fileRef = 9C1A2B9D23EEFB55007137BE /* ViewManager.swift */; };
		9C1A2BA023EF0015007137BE /* CreditsViewController.swift in Sources */ = {isa = PBXBuildFile; fileRef = 9C1A2B9F23EF0015007137BE /* CreditsViewController.swift */; };
		9CE3582A23B149BC00EFBC47 /* AppDelegate.swift in Sources */ = {isa = PBXBuildFile; fileRef = 9CE3582923B149BC00EFBC47 /* AppDelegate.swift */; };
		9CE3583323B149BE00EFBC47 /* Assets.xcassets in Resources */ = {isa = PBXBuildFile; fileRef = 9CE3583223B149BE00EFBC47 /* Assets.xcassets */; };
		9CE3584323B4FD2500EFBC47 /* Rajdhani-Medium.ttf in Resources */ = {isa = PBXBuildFile; fileRef = 9CE3583E23B4FD2400EFBC47 /* Rajdhani-Medium.ttf */; };
		9CE3584423B4FD2500EFBC47 /* Rajdhani-SemiBold.ttf in Resources */ = {isa = PBXBuildFile; fileRef = 9CE3583F23B4FD2400EFBC47 /* Rajdhani-SemiBold.ttf */; };
		9CE3584523B4FD2500EFBC47 /* Rajdhani-Light.ttf in Resources */ = {isa = PBXBuildFile; fileRef = 9CE3584023B4FD2400EFBC47 /* Rajdhani-Light.ttf */; };
		9CE3584623B4FD2500EFBC47 /* Rajdhani-Bold.ttf in Resources */ = {isa = PBXBuildFile; fileRef = 9CE3584123B4FD2400EFBC47 /* Rajdhani-Bold.ttf */; };
		9CE3584723B4FD2500EFBC47 /* Rajdhani-Regular.ttf in Resources */ = {isa = PBXBuildFile; fileRef = 9CE3584223B4FD2400EFBC47 /* Rajdhani-Regular.ttf */; };
		9CE3584A23B5090F00EFBC47 /* LaunchScreen.storyboard in Resources */ = {isa = PBXBuildFile; fileRef = 9CE3584823B5090F00EFBC47 /* LaunchScreen.storyboard */; };
		9CE3584B23B5090F00EFBC47 /* Main.storyboard in Resources */ = {isa = PBXBuildFile; fileRef = 9CE3584923B5090F00EFBC47 /* Main.storyboard */; };
		9CE7971B23F9676F00C064C6 /* HelpViewController.swift in Sources */ = {isa = PBXBuildFile; fileRef = 9CE7971A23F9676F00C064C6 /* HelpViewController.swift */; };
		9CE8AB1323EED2C500A3A909 /* FirstViewController.swift in Sources */ = {isa = PBXBuildFile; fileRef = 9CE8AB1223EED2C400A3A909 /* FirstViewController.swift */; };
		9CE8AB1523EED31F00A3A909 /* PlayViewController.swift in Sources */ = {isa = PBXBuildFile; fileRef = 9CE8AB1423EED31F00A3A909 /* PlayViewController.swift */; };
		9CE8AB1723EED39500A3A909 /* SettingsViewController.swift in Sources */ = {isa = PBXBuildFile; fileRef = 9CE8AB1623EED39500A3A909 /* SettingsViewController.swift */; };
		9CE8AB1923EED3CA00A3A909 /* LevelsViewController.swift in Sources */ = {isa = PBXBuildFile; fileRef = 9CE8AB1823EED3CA00A3A909 /* LevelsViewController.swift */; };
		9CE8AB1B23EED3F000A3A909 /* QuizViewController.swift in Sources */ = {isa = PBXBuildFile; fileRef = 9CE8AB1A23EED3F000A3A909 /* QuizViewController.swift */; };
		9CE8AB1D23EED40B00A3A909 /* GameViewController.swift in Sources */ = {isa = PBXBuildFile; fileRef = 9CE8AB1C23EED40B00A3A909 /* GameViewController.swift */; };
		9CE8AB2123EED5BA00A3A909 /* Colors.swift in Sources */ = {isa = PBXBuildFile; fileRef = 9CE8AB2023EED5BA00A3A909 /* Colors.swift */; };
		9CE8AB2523EED6EA00A3A909 /* UIColor+Extensions.swift in Sources */ = {isa = PBXBuildFile; fileRef = 9CE8AB2423EED6EA00A3A909 /* UIColor+Extensions.swift */; };
		9CE8AB2723EED98900A3A909 /* UIView+Extensions.swift in Sources */ = {isa = PBXBuildFile; fileRef = 9CE8AB2623EED98900A3A909 /* UIView+Extensions.swift */; };
		9CF663652666F5B100530090 /* GameData.plist in Resources */ = {isa = PBXBuildFile; fileRef = 9CF663642666F5B100530090 /* GameData.plist */; };
		9CF663672666F5C000530090 /* PersistenceManager.swift in Sources */ = {isa = PBXBuildFile; fileRef = 9CF663662666F5C000530090 /* PersistenceManager.swift */; };
		9CF663692666F6DC00530090 /* Global.swift in Sources */ = {isa = PBXBuildFile; fileRef = 9CF663682666F6DC00530090 /* Global.swift */; };
		9CF6636B2666F8AF00530090 /* GameDefinitions.plist in Resources */ = {isa = PBXBuildFile; fileRef = 9CF6636A2666F8AF00530090 /* GameDefinitions.plist */; };
/* End PBXBuildFile section */

/* Begin PBXFileReference section */
		9C0B5B5126304DD100E2BF15 /* Texts.swift */ = {isa = PBXFileReference; lastKnownFileType = sourcecode.swift; path = Texts.swift; sourceTree = "<group>"; };
		9C0B5B552630505B00E2BF15 /* Images.swift */ = {isa = PBXFileReference; lastKnownFileType = sourcecode.swift; path = Images.swift; sourceTree = "<group>"; };
		9C1A2B9D23EEFB55007137BE /* ViewManager.swift */ = {isa = PBXFileReference; lastKnownFileType = sourcecode.swift; path = ViewManager.swift; sourceTree = "<group>"; };
		9C1A2B9F23EF0015007137BE /* CreditsViewController.swift */ = {isa = PBXFileReference; lastKnownFileType = sourcecode.swift; path = CreditsViewController.swift; sourceTree = "<group>"; };
		9CE3582623B149BC00EFBC47 /* Graphos.app */ = {isa = PBXFileReference; explicitFileType = wrapper.application; includeInIndex = 0; path = Graphos.app; sourceTree = BUILT_PRODUCTS_DIR; };
		9CE3582923B149BC00EFBC47 /* AppDelegate.swift */ = {isa = PBXFileReference; lastKnownFileType = sourcecode.swift; path = AppDelegate.swift; sourceTree = "<group>"; };
		9CE3583223B149BE00EFBC47 /* Assets.xcassets */ = {isa = PBXFileReference; lastKnownFileType = folder.assetcatalog; path = Assets.xcassets; sourceTree = "<group>"; };
		9CE3583723B149BE00EFBC47 /* Info.plist */ = {isa = PBXFileReference; lastKnownFileType = text.plist.xml; path = Info.plist; sourceTree = "<group>"; };
		9CE3583E23B4FD2400EFBC47 /* Rajdhani-Medium.ttf */ = {isa = PBXFileReference; lastKnownFileType = file; path = "Rajdhani-Medium.ttf"; sourceTree = "<group>"; };
		9CE3583F23B4FD2400EFBC47 /* Rajdhani-SemiBold.ttf */ = {isa = PBXFileReference; lastKnownFileType = file; path = "Rajdhani-SemiBold.ttf"; sourceTree = "<group>"; };
		9CE3584023B4FD2400EFBC47 /* Rajdhani-Light.ttf */ = {isa = PBXFileReference; lastKnownFileType = file; path = "Rajdhani-Light.ttf"; sourceTree = "<group>"; };
		9CE3584123B4FD2400EFBC47 /* Rajdhani-Bold.ttf */ = {isa = PBXFileReference; lastKnownFileType = file; path = "Rajdhani-Bold.ttf"; sourceTree = "<group>"; };
		9CE3584223B4FD2400EFBC47 /* Rajdhani-Regular.ttf */ = {isa = PBXFileReference; lastKnownFileType = file; path = "Rajdhani-Regular.ttf"; sourceTree = "<group>"; };
		9CE3584823B5090F00EFBC47 /* LaunchScreen.storyboard */ = {isa = PBXFileReference; fileEncoding = 4; lastKnownFileType = file.storyboard; path = LaunchScreen.storyboard; sourceTree = "<group>"; };
		9CE3584923B5090F00EFBC47 /* Main.storyboard */ = {isa = PBXFileReference; fileEncoding = 4; lastKnownFileType = file.storyboard; path = Main.storyboard; sourceTree = "<group>"; };
		9CE7971A23F9676F00C064C6 /* HelpViewController.swift */ = {isa = PBXFileReference; lastKnownFileType = sourcecode.swift; path = HelpViewController.swift; sourceTree = "<group>"; };
		9CE8AB1223EED2C400A3A909 /* FirstViewController.swift */ = {isa = PBXFileReference; lastKnownFileType = sourcecode.swift; path = FirstViewController.swift; sourceTree = "<group>"; };
		9CE8AB1423EED31F00A3A909 /* PlayViewController.swift */ = {isa = PBXFileReference; lastKnownFileType = sourcecode.swift; path = PlayViewController.swift; sourceTree = "<group>"; };
		9CE8AB1623EED39500A3A909 /* SettingsViewController.swift */ = {isa = PBXFileReference; lastKnownFileType = sourcecode.swift; path = SettingsViewController.swift; sourceTree = "<group>"; };
		9CE8AB1823EED3CA00A3A909 /* LevelsViewController.swift */ = {isa = PBXFileReference; lastKnownFileType = sourcecode.swift; path = LevelsViewController.swift; sourceTree = "<group>"; };
		9CE8AB1A23EED3F000A3A909 /* QuizViewController.swift */ = {isa = PBXFileReference; lastKnownFileType = sourcecode.swift; path = QuizViewController.swift; sourceTree = "<group>"; };
		9CE8AB1C23EED40B00A3A909 /* GameViewController.swift */ = {isa = PBXFileReference; lastKnownFileType = sourcecode.swift; path = GameViewController.swift; sourceTree = "<group>"; };
		9CE8AB2023EED5BA00A3A909 /* Colors.swift */ = {isa = PBXFileReference; lastKnownFileType = sourcecode.swift; path = Colors.swift; sourceTree = "<group>"; };
		9CE8AB2423EED6EA00A3A909 /* UIColor+Extensions.swift */ = {isa = PBXFileReference; lastKnownFileType = sourcecode.swift; path = "UIColor+Extensions.swift"; sourceTree = "<group>"; };
		9CE8AB2623EED98900A3A909 /* UIView+Extensions.swift */ = {isa = PBXFileReference; lastKnownFileType = sourcecode.swift; path = "UIView+Extensions.swift"; sourceTree = "<group>"; };
		9CF663642666F5B100530090 /* GameData.plist */ = {isa = PBXFileReference; lastKnownFileType = text.plist.xml; path = GameData.plist; sourceTree = "<group>"; };
		9CF663662666F5C000530090 /* PersistenceManager.swift */ = {isa = PBXFileReference; lastKnownFileType = sourcecode.swift; path = PersistenceManager.swift; sourceTree = "<group>"; };
		9CF663682666F6DC00530090 /* Global.swift */ = {isa = PBXFileReference; lastKnownFileType = sourcecode.swift; path = Global.swift; sourceTree = "<group>"; };
		9CF6636A2666F8AF00530090 /* GameDefinitions.plist */ = {isa = PBXFileReference; lastKnownFileType = text.plist.xml; path = GameDefinitions.plist; sourceTree = "<group>"; };
/* End PBXFileReference section */

/* Begin PBXFrameworksBuildPhase section */
		9CE3582323B149BC00EFBC47 /* Frameworks */ = {
			isa = PBXFrameworksBuildPhase;
			buildActionMask = 2147483647;
			files = (
			);
			runOnlyForDeploymentPostprocessing = 0;
		};
/* End PBXFrameworksBuildPhase section */

/* Begin PBXGroup section */
		9CE3581D23B149BC00EFBC47 = {
			isa = PBXGroup;
			children = (
				9CE3582823B149BC00EFBC47 /* Graphos */,
				9CE3582723B149BC00EFBC47 /* Products */,
			);
			sourceTree = "<group>";
		};
		9CE3582723B149BC00EFBC47 /* Products */ = {
			isa = PBXGroup;
			children = (
				9CE3582623B149BC00EFBC47 /* Graphos.app */,
			);
			name = Products;
			sourceTree = "<group>";
		};
		9CE3582823B149BC00EFBC47 /* Graphos */ = {
			isa = PBXGroup;
			children = (
				9CE3583723B149BE00EFBC47 /* Info.plist */,
				9CE3582923B149BC00EFBC47 /* AppDelegate.swift */,
				9CE3583223B149BE00EFBC47 /* Assets.xcassets */,
				9CE8AB1E23EED44100A3A909 /* Controllers */,
				9CE8AB2323EED6C900A3A909 /* Extensions */,
				9CE3583D23B4FD0600EFBC47 /* Fonts */,
				9CF663632666F58400530090 /* Persistence */,
				9CE8AB1F23EED46C00A3A909 /* Storyboards */,
				9CE8AB2223EED5C400A3A909 /* Utils */,
			);
			path = Graphos;
			sourceTree = "<group>";
		};
		9CE3583D23B4FD0600EFBC47 /* Fonts */ = {
			isa = PBXGroup;
			children = (
				9CE3584123B4FD2400EFBC47 /* Rajdhani-Bold.ttf */,
				9CE3584023B4FD2400EFBC47 /* Rajdhani-Light.ttf */,
				9CE3583E23B4FD2400EFBC47 /* Rajdhani-Medium.ttf */,
				9CE3584223B4FD2400EFBC47 /* Rajdhani-Regular.ttf */,
				9CE3583F23B4FD2400EFBC47 /* Rajdhani-SemiBold.ttf */,
			);
			path = Fonts;
			sourceTree = "<group>";
		};
		9CE8AB1E23EED44100A3A909 /* Controllers */ = {
			isa = PBXGroup;
			children = (
				9C1A2B9F23EF0015007137BE /* CreditsViewController.swift */,
				9CE8AB1223EED2C400A3A909 /* FirstViewController.swift */,
				9CE8AB1C23EED40B00A3A909 /* GameViewController.swift */,
				9CE7971A23F9676F00C064C6 /* HelpViewController.swift */,
				9CE8AB1823EED3CA00A3A909 /* LevelsViewController.swift */,
				9CE8AB1423EED31F00A3A909 /* PlayViewController.swift */,
				9CE8AB1A23EED3F000A3A909 /* QuizViewController.swift */,
				9CE8AB1623EED39500A3A909 /* SettingsViewController.swift */,
			);
			path = Controllers;
			sourceTree = "<group>";
		};
		9CE8AB1F23EED46C00A3A909 /* Storyboards */ = {
			isa = PBXGroup;
			children = (
				9CE3584823B5090F00EFBC47 /* LaunchScreen.storyboard */,
				9CE3584923B5090F00EFBC47 /* Main.storyboard */,
			);
			path = Storyboards;
			sourceTree = "<group>";
		};
		9CE8AB2223EED5C400A3A909 /* Utils */ = {
			isa = PBXGroup;
			children = (
				9CE8AB2023EED5BA00A3A909 /* Colors.swift */,
				9CF663682666F6DC00530090 /* Global.swift */,
				9C0B5B552630505B00E2BF15 /* Images.swift */,
				9C0B5B5126304DD100E2BF15 /* Texts.swift */,
				9C1A2B9D23EEFB55007137BE /* ViewManager.swift */,
			);
			path = Utils;
			sourceTree = "<group>";
		};
		9CE8AB2323EED6C900A3A909 /* Extensions */ = {
			isa = PBXGroup;
			children = (
				9CE8AB2423EED6EA00A3A909 /* UIColor+Extensions.swift */,
				9CE8AB2623EED98900A3A909 /* UIView+Extensions.swift */,
			);
			path = Extensions;
			sourceTree = "<group>";
		};
		9CF663632666F58400530090 /* Persistence */ = {
			isa = PBXGroup;
			children = (
				9CF663642666F5B100530090 /* GameData.plist */,
				9CF6636A2666F8AF00530090 /* GameDefinitions.plist */,
				9CF663662666F5C000530090 /* PersistenceManager.swift */,
			);
			path = Persistence;
			sourceTree = "<group>";
		};
/* End PBXGroup section */

/* Begin PBXNativeTarget section */
		9CE3582523B149BC00EFBC47 /* Graphos */ = {
			isa = PBXNativeTarget;
			buildConfigurationList = 9CE3583A23B149BE00EFBC47 /* Build configuration list for PBXNativeTarget "Graphos" */;
			buildPhases = (
				9CE3582223B149BC00EFBC47 /* Sources */,
				9CE3582323B149BC00EFBC47 /* Frameworks */,
				9CE3582423B149BC00EFBC47 /* Resources */,
			);
			buildRules = (
			);
			dependencies = (
			);
			name = Graphos;
			productName = Graphos;
			productReference = 9CE3582623B149BC00EFBC47 /* Graphos.app */;
			productType = "com.apple.product-type.application";
		};
/* End PBXNativeTarget section */

/* Begin PBXProject section */
		9CE3581E23B149BC00EFBC47 /* Project object */ = {
			isa = PBXProject;
			attributes = {
				BuildIndependentTargetsInParallel = YES;
				LastSwiftUpdateCheck = 1130;
				LastUpgradeCheck = 1540;
				ORGANIZATIONNAME = "Leandro Sousa";
				TargetAttributes = {
					9CE3582523B149BC00EFBC47 = {
						CreatedOnToolsVersion = 11.3;
					};
				};
			};
			buildConfigurationList = 9CE3582123B149BC00EFBC47 /* Build configuration list for PBXProject "Graphos" */;
			compatibilityVersion = "Xcode 15.3";
			developmentRegion = en;
			hasScannedForEncodings = 0;
			knownRegions = (
				en,
				Base,
			);
			mainGroup = 9CE3581D23B149BC00EFBC47;
			productRefGroup = 9CE3582723B149BC00EFBC47 /* Products */;
			projectDirPath = "";
			projectRoot = "";
			targets = (
				9CE3582523B149BC00EFBC47 /* Graphos */,
			);
		};
/* End PBXProject section */

/* Begin PBXResourcesBuildPhase section */
		9CE3582423B149BC00EFBC47 /* Resources */ = {
			isa = PBXResourcesBuildPhase;
			buildActionMask = 2147483647;
			files = (
				9CE3584723B4FD2500EFBC47 /* Rajdhani-Regular.ttf in Resources */,
				9CE3583323B149BE00EFBC47 /* Assets.xcassets in Resources */,
				9CE3584523B4FD2500EFBC47 /* Rajdhani-Light.ttf in Resources */,
				9CF663652666F5B100530090 /* GameData.plist in Resources */,
				9CE3584B23B5090F00EFBC47 /* Main.storyboard in Resources */,
				9CE3584323B4FD2500EFBC47 /* Rajdhani-Medium.ttf in Resources */,
				9CE3584A23B5090F00EFBC47 /* LaunchScreen.storyboard in Resources */,
				9CF6636B2666F8AF00530090 /* GameDefinitions.plist in Resources */,
				9CE3584623B4FD2500EFBC47 /* Rajdhani-Bold.ttf in Resources */,
				9CE3584423B4FD2500EFBC47 /* Rajdhani-SemiBold.ttf in Resources */,
			);
			runOnlyForDeploymentPostprocessing = 0;
		};
/* End PBXResourcesBuildPhase section */

/* Begin PBXSourcesBuildPhase section */
		9CE3582223B149BC00EFBC47 /* Sources */ = {
			isa = PBXSourcesBuildPhase;
			buildActionMask = 2147483647;
			files = (
				9CE8AB1D23EED40B00A3A909 /* GameViewController.swift in Sources */,
				9CE8AB2123EED5BA00A3A909 /* Colors.swift in Sources */,
				9CE8AB2723EED98900A3A909 /* UIView+Extensions.swift in Sources */,
				9CF663672666F5C000530090 /* PersistenceManager.swift in Sources */,
				9CE7971B23F9676F00C064C6 /* HelpViewController.swift in Sources */,
				9CE8AB1323EED2C500A3A909 /* FirstViewController.swift in Sources */,
				9CE8AB1923EED3CA00A3A909 /* LevelsViewController.swift in Sources */,
				9CE8AB1523EED31F00A3A909 /* PlayViewController.swift in Sources */,
				9C0B5B562630505C00E2BF15 /* Images.swift in Sources */,
				9CE8AB1B23EED3F000A3A909 /* QuizViewController.swift in Sources */,
				9C0B5B5226304DD100E2BF15 /* Texts.swift in Sources */,
				9C1A2BA023EF0015007137BE /* CreditsViewController.swift in Sources */,
				9C1A2B9E23EEFB55007137BE /* ViewManager.swift in Sources */,
				9CE3582A23B149BC00EFBC47 /* AppDelegate.swift in Sources */,
				9CE8AB2523EED6EA00A3A909 /* UIColor+Extensions.swift in Sources */,
				9CE8AB1723EED39500A3A909 /* SettingsViewController.swift in Sources */,
				9CF663692666F6DC00530090 /* Global.swift in Sources */,
			);
			runOnlyForDeploymentPostprocessing = 0;
		};
/* End PBXSourcesBuildPhase section */

/* Begin XCBuildConfiguration section */
		9CE3583823B149BE00EFBC47 /* Debug */ = {
			isa = XCBuildConfiguration;
			buildSettings = {
				ALWAYS_SEARCH_USER_PATHS = NO;
				CLANG_ANALYZER_NONNULL = YES;
				CLANG_ANALYZER_NUMBER_OBJECT_CONVERSION = YES_AGGRESSIVE;
				CLANG_CXX_LANGUAGE_STANDARD = "gnu++20";
				CLANG_ENABLE_MODULES = YES;
				CLANG_ENABLE_OBJC_ARC = YES;
				CLANG_ENABLE_OBJC_WEAK = YES;
				CLANG_WARN_BLOCK_CAPTURE_AUTORELEASING = YES;
				CLANG_WARN_BOOL_CONVERSION = YES;
				CLANG_WARN_COMMA = YES;
				CLANG_WARN_CONSTANT_CONVERSION = YES;
				CLANG_WARN_DEPRECATED_OBJC_IMPLEMENTATIONS = YES;
				CLANG_WARN_DIRECT_OBJC_ISA_USAGE = YES_ERROR;
				CLANG_WARN_DOCUMENTATION_COMMENTS = YES;
				CLANG_WARN_EMPTY_BODY = YES;
				CLANG_WARN_ENUM_CONVERSION = YES;
				CLANG_WARN_INFINITE_RECURSION = YES;
				CLANG_WARN_INT_CONVERSION = YES;
				CLANG_WARN_NON_LITERAL_NULL_CONVERSION = YES;
				CLANG_WARN_OBJC_IMPLICIT_RETAIN_SELF = YES;
				CLANG_WARN_OBJC_LITERAL_CONVERSION = YES;
				CLANG_WARN_OBJC_ROOT_CLASS = YES_ERROR;
				CLANG_WARN_QUOTED_INCLUDE_IN_FRAMEWORK_HEADER = YES;
				CLANG_WARN_RANGE_LOOP_ANALYSIS = YES;
				CLANG_WARN_STRICT_PROTOTYPES = YES;
				CLANG_WARN_SUSPICIOUS_MOVE = YES;
				CLANG_WARN_UNGUARDED_AVAILABILITY = YES_AGGRESSIVE;
				CLANG_WARN_UNREACHABLE_CODE = YES;
				CLANG_WARN__DUPLICATE_METHOD_MATCH = YES;
				COPY_PHASE_STRIP = NO;
				ENABLE_STRICT_OBJC_MSGSEND = YES;
				ENABLE_TESTABILITY = YES;
				ENABLE_USER_SCRIPT_SANDBOXING = YES;
				GCC_C_LANGUAGE_STANDARD = gnu11;
				GCC_DYNAMIC_NO_PIC = NO;
				GCC_NO_COMMON_BLOCKS = YES;
				GCC_OPTIMIZATION_LEVEL = 0;
				GCC_PREPROCESSOR_DEFINITIONS = (
					"DEBUG=1",
					"$(inherited)",
				);
				GCC_WARN_64_TO_32_BIT_CONVERSION = YES;
				GCC_WARN_ABOUT_RETURN_TYPE = YES_ERROR;
				GCC_WARN_UNDECLARED_SELECTOR = YES;
				GCC_WARN_UNINITIALIZED_AUTOS = YES_AGGRESSIVE;
				GCC_WARN_UNUSED_FUNCTION = YES;
				GCC_WARN_UNUSED_VARIABLE = YES;
				IPHONEOS_DEPLOYMENT_TARGET = 15.0;
				MTL_ENABLE_DEBUG_INFO = INCLUDE_SOURCE;
				MTL_FAST_MATH = YES;
				ONLY_ACTIVE_ARCH = YES;
				SDKROOT = iphoneos;
				SWIFT_ACTIVE_COMPILATION_CONDITIONS = DEBUG;
				SWIFT_OPTIMIZATION_LEVEL = "-Onone";
			};
			name = Debug;
		};
		9CE3583923B149BE00EFBC47 /* Release */ = {
			isa = XCBuildConfiguration;
			buildSettings = {
				ALWAYS_SEARCH_USER_PATHS = NO;
				CLANG_ANALYZER_NONNULL = YES;
				CLANG_ANALYZER_NUMBER_OBJECT_CONVERSION = YES_AGGRESSIVE;
				CLANG_CXX_LANGUAGE_STANDARD = "gnu++20";
				CLANG_ENABLE_MODULES = YES;
				CLANG_ENABLE_OBJC_ARC = YES;
				CLANG_ENABLE_OBJC_WEAK = YES;
				CLANG_WARN_BLOCK_CAPTURE_AUTORELEASING = YES;
				CLANG_WARN_BOOL_CONVERSION = YES;
				CLANG_WARN_COMMA = YES;
				CLANG_WARN_CONSTANT_CONVERSION = YES;
				CLANG_WARN_DEPRECATED_OBJC_IMPLEMENTATIONS = YES;
				CLANG_WARN_DIRECT_OBJC_ISA_USAGE = YES_ERROR;
				CLANG_WARN_DOCUMENTATION_COMMENTS = YES;
				CLANG_WARN_EMPTY_BODY = YES;
				CLANG_WARN_ENUM_CONVERSION = YES;
				CLANG_WARN_INFINITE_RECURSION = YES;
				CLANG_WARN_INT_CONVERSION = YES;
				CLANG_WARN_NON_LITERAL_NULL_CONVERSION = YES;
				CLANG_WARN_OBJC_IMPLICIT_RETAIN_SELF = YES;
				CLANG_WARN_OBJC_LITERAL_CONVERSION = YES;
				CLANG_WARN_OBJC_ROOT_CLASS = YES_ERROR;
				CLANG_WARN_QUOTED_INCLUDE_IN_FRAMEWORK_HEADER = YES;
				CLANG_WARN_RANGE_LOOP_ANALYSIS = YES;
				CLANG_WARN_STRICT_PROTOTYPES = YES;
				CLANG_WARN_SUSPICIOUS_MOVE = YES;
				CLANG_WARN_UNGUARDED_AVAILABILITY = YES_AGGRESSIVE;
				CLANG_WARN_UNREACHABLE_CODE = YES;
				CLANG_WARN__DUPLICATE_METHOD_MATCH = YES;
				COPY_PHASE_STRIP = NO;
				ENABLE_NS_ASSERTIONS = NO;
				ENABLE_STRICT_OBJC_MSGSEND = YES;
				ENABLE_USER_SCRIPT_SANDBOXING = YES;
				GCC_C_LANGUAGE_STANDARD = gnu11;
				GCC_NO_COMMON_BLOCKS = YES;
				GCC_WARN_64_TO_32_BIT_CONVERSION = YES;
				GCC_WARN_ABOUT_RETURN_TYPE = YES_ERROR;
				GCC_WARN_UNDECLARED_SELECTOR = YES;
				GCC_WARN_UNINITIALIZED_AUTOS = YES_AGGRESSIVE;
				GCC_WARN_UNUSED_FUNCTION = YES;
				GCC_WARN_UNUSED_VARIABLE = YES;
				IPHONEOS_DEPLOYMENT_TARGET = 15.0;
				MTL_ENABLE_DEBUG_INFO = NO;
				MTL_FAST_MATH = YES;
				SDKROOT = iphoneos;
				SWIFT_COMPILATION_MODE = wholemodule;
				SWIFT_OPTIMIZATION_LEVEL = "-O";
				VALIDATE_PRODUCT = YES;
			};
			name = Release;
		};
		9CE3583B23B149BE00EFBC47 /* Debug */ = {
			isa = XCBuildConfiguration;
			buildSettings = {
				ASSETCATALOG_COMPILER_APPICON_NAME = AppIcon;
				CODE_SIGN_STYLE = Automatic;
				CURRENT_PROJECT_VERSION = 1;
				DEVELOPMENT_TEAM = L3J4WEG8AK;
				INFOPLIST_FILE = Graphos/Info.plist;
				LD_RUNPATH_SEARCH_PATHS = (
					"$(inherited)",
					"@executable_path/Frameworks",
				);
				MARKETING_VERSION = 1.0;
				PRODUCT_BUNDLE_IDENTIFIER = com.leomesou.Graphos;
				PRODUCT_NAME = "$(TARGET_NAME)";
				SWIFT_VERSION = 5.0;
				TARGETED_DEVICE_FAMILY = 1;
			};
			name = Debug;
		};
		9CE3583C23B149BE00EFBC47 /* Release */ = {
			isa = XCBuildConfiguration;
			buildSettings = {
				ASSETCATALOG_COMPILER_APPICON_NAME = AppIcon;
				CODE_SIGN_STYLE = Automatic;
				CURRENT_PROJECT_VERSION = 1;
				DEVELOPMENT_TEAM = L3J4WEG8AK;
				INFOPLIST_FILE = Graphos/Info.plist;
				LD_RUNPATH_SEARCH_PATHS = (
					"$(inherited)",
					"@executable_path/Frameworks",
				);
				MARKETING_VERSION = 1.0;
				PRODUCT_BUNDLE_IDENTIFIER = com.leomesou.Graphos;
				PRODUCT_NAME = "$(TARGET_NAME)";
				SWIFT_VERSION = 5.0;
				TARGETED_DEVICE_FAMILY = 1;
			};
			name = Release;
		};
/* End XCBuildConfiguration section */

/* Begin XCConfigurationList section */
		9CE3582123B149BC00EFBC47 /* Build configuration list for PBXProject "Graphos" */ = {
			isa = XCConfigurationList;
			buildConfigurations = (
				9CE3583823B149BE00EFBC47 /* Debug */,
				9CE3583923B149BE00EFBC47 /* Release */,
			);
			defaultConfigurationIsVisible = 0;
			defaultConfigurationName = Release;
		};
		9CE3583A23B149BE00EFBC47 /* Build configuration list for PBXNativeTarget "Graphos" */ = {
			isa = XCConfigurationList;
			buildConfigurations = (
				9CE3583B23B149BE00EFBC47 /* Debug */,
				9CE3583C23B149BE00EFBC47 /* Release */,
			);
			defaultConfigurationIsVisible = 0;
			defaultConfigurationName = Release;
		};
/* End XCConfigurationList section */
	};
	rootObject = 9CE3581E23B149BC00EFBC47 /* Project object */;
}
